<?xml version="1.0" encoding="utf-8"?>
<Project ToolsVersion="4.0" xmlns="http://schemas.microsoft.com/developer/msbuild/2003">
  <ItemGroup>
    <Filter Include="源文件">
      <UniqueIdentifier>{4FC737F1-C7A5-4376-A066-2A32D752A2FF}</UniqueIdentifier>
      <Extensions>cpp;c;cc;cxx;def;odl;idl;hpj;bat;asm;asmx</Extensions>
    </Filter>
    <Filter Include="头文件">
      <UniqueIdentifier>{93995380-89BD-4b04-88EB-625FBE52EBFB}</UniqueIdentifier>
      <Extensions>h;hh;hpp;hxx;hm;inl;inc;ipp;xsd</Extensions>
    </Filter>
    <Filter Include="资源文件">
      <UniqueIdentifier>{67DA6AB6-F800-4c08-8B7A-83BB121AAD01}</UniqueIdentifier>
      <Extensions>rc;ico;cur;bmp;dlg;rc2;rct;bin;rgs;gif;jpg;jpeg;jpe;resx;tiff;tif;png;wav;mfcribbon-ms</Extensions>
    </Filter>
    <Filter Include="源文件\protobuf_entity">
      <UniqueIdentifier>{9b9490ec-d4c4-4b76-a343-2524e7cc2585}</UniqueIdentifier>
    </Filter>
    <Filter Include="源文件\just_test">
      <UniqueIdentifier>{3a418d2b-f764-4d09-915b-15a5b2a33a49}</UniqueIdentifier>
    </Filter>
    <Filter Include="源文件\face_recognition">
      <UniqueIdentifier>{0add8e5d-e559-4315-884d-b677ed001df0}</UniqueIdentifier>
    </Filter>
    <Filter Include="源文件\my_lib">
      <UniqueIdentifier>{c6930098-92a6-4b3a-9660-f670238c9474}</UniqueIdentifier>
    </Filter>
  </ItemGroup>
  <ItemGroup>
    <ClInclude Include="go88_lib.h">
      <Filter>头文件</Filter>
    </ClInclude>
    <ClInclude Include="my_proto.MsgCom.pb.h">
      <Filter>头文件</Filter>
    </ClInclude>
  </ItemGroup>
  <ItemGroup>
    <ClCompile Include="main.cpp">
      <Filter>源文件</Filter>
    </ClCompile>
    <ClCompile Include="my_proto.MsgCom.pb.cpp">
      <Filter>源文件\protobuf_entity</Filter>
    </ClCompile>
    <ClCompile Include="opcv_test_capture.cpp">
      <Filter>源文件\just_test</Filter>
    </ClCompile>
    <ClCompile Include="opcv_test_face.cpp">
      <Filter>源文件\just_test</Filter>
    </ClCompile>
    <ClCompile Include="opcv_test_video.cpp">
      <Filter>源文件\just_test</Filter>
    </ClCompile>
    <ClCompile Include="opcv_fr_main.cpp">
      <Filter>源文件\face_recognition</Filter>
    </ClCompile>
    <ClCompile Include="opcv_fr_create_face.cpp">
      <Filter>源文件\face_recognition</Filter>
    </ClCompile>
    <ClCompile Include="opcv_fr_check_face.cpp">
      <Filter>源文件\face_recognition</Filter>
    </ClCompile>
    <ClCompile Include="go88_lib.cpp">
      <Filter>源文件\my_lib</Filter>
    </ClCompile>
  </ItemGroup>
</Project>